
Microsoft Visual Studio Solution File, Format Version 12.00
# Visual Studio Version 16
VisualStudioVersion = 16.0.29025.244
MinimumVisualStudioVersion = 10.0.40219.1
Project("{FAE04EC0-301F-11D3-BF4B-00C04F79EFBC}") = "prjAPM2", "prjAPM2\prjAPM2.csproj", "{FA33842F-0DCC-4DB1-9840-9ADFF00CFF08}"
EndProject
Global
	GlobalSection(SolutionConfigurationPlatforms) = preSolution
		Debug|Any CPU = Debug|Any CPU
		Release|Any CPU = Release|Any CPU
	EndGlobalSection
	GlobalSection(ProjectConfigurationPlatforms) = postSolution
		{FA33842F-0DCC-4DB1-9840-9ADFF00CFF08}.Debug|Any CPU.ActiveCfg = Debug|Any CPU
		{FA33842F-0DCC-4DB1-9840-9ADFF00CFF08}.Debug|Any CPU.Build.0 = Debug|Any CPU
		{FA33842F-0DCC-4DB1-9840-9ADFF00CFF08}.Release|Any CPU.ActiveCfg = Release|Any CPU
		{FA33842F-0DCC-4DB1-9840-9ADFF00CFF08}.Release|Any CPU.Build.0 = Release|Any CPU
	EndGlobalSection
	GlobalSection(SolutionProperties) = preSolution
		HideSolutionNode = FALSE
	EndGlobalSection
	GlobalSection(ExtensibilityGlobals) = postSolution
		SolutionGuid = {F3D8C2FE-3784-44E2-81A6-1DD75A9AB692}
	EndGlobalSection
EndGlobal
